// !$*UTF8*$!
{
	archiveVersion = 1;
	classes = {
	};
	objectVersion = 46;
	objects = {

/* Begin PBXBuildFile section */
		FB12512F17DB3F6600E2404B /* FamilyMap1024-2.png in Resources */ = {isa = PBXBuildFile; fileRef = FB12511C17DB3F6600E2404B /* FamilyMap1024-2.png */; };
		FB12513017DB3F6600E2404B /* FamilyMap.png in Resources */ = {isa = PBXBuildFile; fileRef = FB12511D17DB3F6600E2404B /* FamilyMap.png */; };
		FB12513117DB3F6600E2404B /* FamilyMap1024.png in Resources */ = {isa = PBXBuildFile; fileRef = FB12511E17DB3F6600E2404B /* FamilyMap1024.png */; };
		FB12513217DB3F6600E2404B /* FamilyMapScreen.png in Resources */ = {isa = PBXBuildFile; fileRef = FB12511F17DB3F6600E2404B /* FamilyMapScreen.png */; };
		FB12513317DB3F6600E2404B /* Default-568h@2x.png in Resources */ = {isa = PBXBuildFile; fileRef = FB12512017DB3F6600E2404B /* Default-568h@2x.png */; };
		FB12513417DB3F6600E2404B /* Default-Landscape@2x~ipad.png in Resources */ = {isa = PBXBuildFile; fileRef = FB12512117DB3F6600E2404B /* Default-Landscape@2x~ipad.png */; };
		FB12513517DB3F6600E2404B /* Default-Landscape~ipad.png in Resources */ = {isa = PBXBuildFile; fileRef = FB12512217DB3F6600E2404B /* Default-Landscape~ipad.png */; };
		FB12513617DB3F6600E2404B /* Default.png in Resources */ = {isa = PBXBuildFile; fileRef = FB12512317DB3F6600E2404B /* Default.png */; };
		FB12513717DB3F6600E2404B /* Default@2x.png in Resources */ = {isa = PBXBuildFile; fileRef = FB12512417DB3F6600E2404B /* Default@2x.png */; };
		FB12513817DB3F6600E2404B /* iTunesArtwork@2x.png in Resources */ = {isa = PBXBuildFile; fileRef = FB12512517DB3F6600E2404B /* iTunesArtwork@2x.png */; };
		FB12513917DB3F6600E2404B /* iTunesArtwork.png in Resources */ = {isa = PBXBuildFile; fileRef = FB12512617DB3F6600E2404B /* iTunesArtwork.png */; };
		FB12513A17DB3F6600E2404B /* Icon-Small.png in Resources */ = {isa = PBXBuildFile; fileRef = FB12512717DB3F6600E2404B /* Icon-Small.png */; };
		FB12513B17DB3F6600E2404B /* Icon-Small@2x.png in Resources */ = {isa = PBXBuildFile; fileRef = FB12512817DB3F6600E2404B /* Icon-Small@2x.png */; };
		FB12513C17DB3F6600E2404B /* Icon-Small-50.png in Resources */ = {isa = PBXBuildFile; fileRef = FB12512917DB3F6600E2404B /* Icon-Small-50.png */; };
		FB12513D17DB3F6600E2404B /* Icon-Small-50@2x.png in Resources */ = {isa = PBXBuildFile; fileRef = FB12512A17DB3F6600E2404B /* Icon-Small-50@2x.png */; };
		FB12513E17DB3F6600E2404B /* Icon.png in Resources */ = {isa = PBXBuildFile; fileRef = FB12512B17DB3F6600E2404B /* Icon.png */; };
		FB12513F17DB3F6600E2404B /* Icon@2x.png in Resources */ = {isa = PBXBuildFile; fileRef = FB12512C17DB3F6600E2404B /* Icon@2x.png */; };
		FB12514017DB3F6600E2404B /* Icon-72.png in Resources */ = {isa = PBXBuildFile; fileRef = FB12512D17DB3F6600E2404B /* Icon-72.png */; };
		FB12514117DB3F6600E2404B /* Icon-72@2x.png in Resources */ = {isa = PBXBuildFile; fileRef = FB12512E17DB3F6600E2404B /* Icon-72@2x.png */; };
		FB2CBC2B16BDCF5E00A101CB /* UIKit.framework in Frameworks */ = {isa = PBXBuildFile; fileRef = FB2CBC2A16BDCF5E00A101CB /* UIKit.framework */; };
		FB2CBC2D16BDCF5E00A101CB /* Foundation.framework in Frameworks */ = {isa = PBXBuildFile; fileRef = FB2CBC2C16BDCF5E00A101CB /* Foundation.framework */; };
		FB2CBC2F16BDCF5E00A101CB /* CoreGraphics.framework in Frameworks */ = {isa = PBXBuildFile; fileRef = FB2CBC2E16BDCF5E00A101CB /* CoreGraphics.framework */; };
		FB2CBC3516BDCF5E00A101CB /* InfoPlist.strings in Resources */ = {isa = PBXBuildFile; fileRef = FB2CBC3316BDCF5E00A101CB /* InfoPlist.strings */; };
		FB2CBC3716BDCF5E00A101CB /* main.m in Sources */ = {isa = PBXBuildFile; fileRef = FB2CBC3616BDCF5E00A101CB /* main.m */; };
		FB2CBC3B16BDCF5E00A101CB /* AppDelegate.m in Sources */ = {isa = PBXBuildFile; fileRef = FB2CBC3A16BDCF5E00A101CB /* AppDelegate.m */; };
		FB2CBC4416BDCF5E00A101CB /* MainStoryboard_iPhone.storyboard in Resources */ = {isa = PBXBuildFile; fileRef = FB2CBC4216BDCF5E00A101CB /* MainStoryboard_iPhone.storyboard */; };
		FB2CBC4716BDCF5E00A101CB /* MainStoryboard_iPad.storyboard in Resources */ = {isa = PBXBuildFile; fileRef = FB2CBC4516BDCF5E00A101CB /* MainStoryboard_iPad.storyboard */; };
		FB2CBC4A16BDCF5E00A101CB /* ViewController.m in Sources */ = {isa = PBXBuildFile; fileRef = FB2CBC4916BDCF5E00A101CB /* ViewController.m */; };
		FB2CBC5116BDD15F00A101CB /* MapKit.framework in Frameworks */ = {isa = PBXBuildFile; fileRef = FB2CBC5016BDD15F00A101CB /* MapKit.framework */; };
		FB2CBC6116BDD61A00A101CB /* Authorities.m in Sources */ = {isa = PBXBuildFile; fileRef = FB2CBC5616BDD61800A101CB /* Authorities.m */; };
		FB2CBC6216BDD61A00A101CB /* MyManager.m in Sources */ = {isa = PBXBuildFile; fileRef = FB2CBC5816BDD61800A101CB /* MyManager.m */; };
		FB2CBC6316BDD61A00A101CB /* Pedigrees.m in Sources */ = {isa = PBXBuildFile; fileRef = FB2CBC5A16BDD61800A101CB /* Pedigrees.m */; };
		FB2CBC6416BDD61A00A101CB /* Person.m in Sources */ = {isa = PBXBuildFile; fileRef = FB2CBC5C16BDD61900A101CB /* Person.m */; };
		FB2CBC6516BDD61A00A101CB /* PersonID.m in Sources */ = {isa = PBXBuildFile; fileRef = FB2CBC5E16BDD61900A101CB /* PersonID.m */; };
		FB2CBC6616BDD61A00A101CB /* SessionID.m in Sources */ = {isa = PBXBuildFile; fileRef = FB2CBC6016BDD61900A101CB /* SessionID.m */; };
		FB91D4AE170C6DA600244EDA /* StoreKit.framework in Frameworks */ = {isa = PBXBuildFile; fileRef = FB91D4AD170C6DA600244EDA /* StoreKit.framework */; };
		FB91D4B5170C7A6300244EDA /* SystemConfiguration.framework in Frameworks */ = {isa = PBXBuildFile; fileRef = FB91D4B4170C7A6300244EDA /* SystemConfiguration.framework */; };
/* End PBXBuildFile section */

/* Begin PBXFileReference section */
		FB12511C17DB3F6600E2404B /* FamilyMap1024-2.png */ = {isa = PBXFileReference; lastKnownFileType = image.png; name = "FamilyMap1024-2.png"; path = "FamilyMap/Images/FamilyMap1024-2.png"; sourceTree = "<group>"; };
		FB12511D17DB3F6600E2404B /* FamilyMap.png */ = {isa = PBXFileReference; lastKnownFileType = image.png; name = FamilyMap.png; path = FamilyMap/Images/FamilyMap.png; sourceTree = "<group>"; };
		FB12511E17DB3F6600E2404B /* FamilyMap1024.png */ = {isa = PBXFileReference; lastKnownFileType = image.png; name = FamilyMap1024.png; path = FamilyMap/Images/FamilyMap1024.png; sourceTree = "<group>"; };
		FB12511F17DB3F6600E2404B /* FamilyMapScreen.png */ = {isa = PBXFileReference; lastKnownFileType = image.png; name = FamilyMapScreen.png; path = FamilyMap/Images/FamilyMapScreen.png; sourceTree = "<group>"; };
		FB12512017DB3F6600E2404B /* Default-568h@2x.png */ = {isa = PBXFileReference; lastKnownFileType = image.png; name = "Default-568h@2x.png"; path = "FamilyMap/Images/Default-568h@2x.png"; sourceTree = "<group>"; };
		FB12512117DB3F6600E2404B /* Default-Landscape@2x~ipad.png */ = {isa = PBXFileReference; lastKnownFileType = image.png; name = "Default-Landscape@2x~ipad.png"; path = "FamilyMap/Images/Default-Landscape@2x~ipad.png"; sourceTree = "<group>"; };
		FB12512217DB3F6600E2404B /* Default-Landscape~ipad.png */ = {isa = PBXFileReference; lastKnownFileType = image.png; name = "Default-Landscape~ipad.png"; path = "FamilyMap/Images/Default-Landscape~ipad.png"; sourceTree = "<group>"; };
		FB12512317DB3F6600E2404B /* Default.png */ = {isa = PBXFileReference; lastKnownFileType = image.png; name = Default.png; path = FamilyMap/Images/Default.png; sourceTree = "<group>"; };
		FB12512417DB3F6600E2404B /* Default@2x.png */ = {isa = PBXFileReference; lastKnownFileType = image.png; name = "Default@2x.png"; path = "FamilyMap/Images/Default@2x.png"; sourceTree = "<group>"; };
		FB12512517DB3F6600E2404B /* iTunesArtwork@2x.png */ = {isa = PBXFileReference; lastKnownFileType = image.png; name = "iTunesArtwork@2x.png"; path = "FamilyMap/Images/iTunesArtwork@2x.png"; sourceTree = "<group>"; };
		FB12512617DB3F6600E2404B /* iTunesArtwork.png */ = {isa = PBXFileReference; lastKnownFileType = image.png; name = iTunesArtwork.png; path = FamilyMap/Images/iTunesArtwork.png; sourceTree = "<group>"; };
		FB12512717DB3F6600E2404B /* Icon-Small.png */ = {isa = PBXFileReference; lastKnownFileType = image.png; name = "Icon-Small.png"; path = "FamilyMap/Images/Icon-Small.png"; sourceTree = "<group>"; };
		FB12512817DB3F6600E2404B /* Icon-Small@2x.png */ = {isa = PBXFileReference; lastKnownFileType = image.png; name = "Icon-Small@2x.png"; path = "FamilyMap/Images/Icon-Small@2x.png"; sourceTree = "<group>"; };
		FB12512917DB3F6600E2404B /* Icon-Small-50.png */ = {isa = PBXFileReference; lastKnownFileType = image.png; name = "Icon-Small-50.png"; path = "FamilyMap/Images/Icon-Small-50.png"; sourceTree = "<group>"; };
		FB12512A17DB3F6600E2404B /* Icon-Small-50@2x.png */ = {isa = PBXFileReference; lastKnownFileType = image.png; name = "Icon-Small-50@2x.png"; path = "FamilyMap/Images/Icon-Small-50@2x.png"; sourceTree = "<group>"; };
		FB12512B17DB3F6600E2404B /* Icon.png */ = {isa = PBXFileReference; lastKnownFileType = image.png; name = Icon.png; path = FamilyMap/Images/Icon.png; sourceTree = "<group>"; };
		FB12512C17DB3F6600E2404B /* Icon@2x.png */ = {isa = PBXFileReference; lastKnownFileType = image.png; name = "Icon@2x.png"; path = "FamilyMap/Images/Icon@2x.png"; sourceTree = "<group>"; };
		FB12512D17DB3F6600E2404B /* Icon-72.png */ = {isa = PBXFileReference; lastKnownFileType = image.png; name = "Icon-72.png"; path = "FamilyMap/Images/Icon-72.png"; sourceTree = "<group>"; };
		FB12512E17DB3F6600E2404B /* Icon-72@2x.png */ = {isa = PBXFileReference; lastKnownFileType = image.png; name = "Icon-72@2x.png"; path = "FamilyMap/Images/Icon-72@2x.png"; sourceTree = "<group>"; };
		FB2CBC2716BDCF5E00A101CB /* FamilyMap.app */ = {isa = PBXFileReference; explicitFileType = wrapper.application; includeInIndex = 0; path = FamilyMap.app; sourceTree = BUILT_PRODUCTS_DIR; };
		FB2CBC2A16BDCF5E00A101CB /* UIKit.framework */ = {isa = PBXFileReference; lastKnownFileType = wrapper.framework; name = UIKit.framework; path = System/Library/Frameworks/UIKit.framework; sourceTree = SDKROOT; };
		FB2CBC2C16BDCF5E00A101CB /* Foundation.framework */ = {isa = PBXFileReference; lastKnownFileType = wrapper.framework; name = Foundation.framework; path = System/Library/Frameworks/Foundation.framework; sourceTree = SDKROOT; };
		FB2CBC2E16BDCF5E00A101CB /* CoreGraphics.framework */ = {isa = PBXFileReference; lastKnownFileType = wrapper.framework; name = CoreGraphics.framework; path = System/Library/Frameworks/CoreGraphics.framework; sourceTree = SDKROOT; };
		FB2CBC3216BDCF5E00A101CB /* FamilyMap-Info.plist */ = {isa = PBXFileReference; lastKnownFileType = text.plist.xml; path = "FamilyMap-Info.plist"; sourceTree = "<group>"; };
		FB2CBC3416BDCF5E00A101CB /* en */ = {isa = PBXFileReference; lastKnownFileType = text.plist.strings; name = en; path = en.lproj/InfoPlist.strings; sourceTree = "<group>"; };
		FB2CBC3616BDCF5E00A101CB /* main.m */ = {isa = PBXFileReference; lastKnownFileType = sourcecode.c.objc; path = main.m; sourceTree = "<group>"; };
		FB2CBC3816BDCF5E00A101CB /* FamilyMap-Prefix.pch */ = {isa = PBXFileReference; lastKnownFileType = sourcecode.c.h; path = "FamilyMap-Prefix.pch"; sourceTree = "<group>"; };
		FB2CBC3916BDCF5E00A101CB /* AppDelegate.h */ = {isa = PBXFileReference; lastKnownFileType = sourcecode.c.h; path = AppDelegate.h; sourceTree = "<group>"; };
		FB2CBC3A16BDCF5E00A101CB /* AppDelegate.m */ = {isa = PBXFileReference; lastKnownFileType = sourcecode.c.objc; path = AppDelegate.m; sourceTree = "<group>"; };
		FB2CBC4316BDCF5E00A101CB /* en */ = {isa = PBXFileReference; lastKnownFileType = file.storyboard; name = en; path = en.lproj/MainStoryboard_iPhone.storyboard; sourceTree = "<group>"; };
		FB2CBC4616BDCF5E00A101CB /* en */ = {isa = PBXFileReference; lastKnownFileType = file.storyboard; name = en; path = en.lproj/MainStoryboard_iPad.storyboard; sourceTree = "<group>"; };
		FB2CBC4816BDCF5E00A101CB /* ViewController.h */ = {isa = PBXFileReference; lastKnownFileType = sourcecode.c.h; path = ViewController.h; sourceTree = "<group>"; };
		FB2CBC4916BDCF5E00A101CB /* ViewController.m */ = {isa = PBXFileReference; lastKnownFileType = sourcecode.c.objc; path = ViewController.m; sourceTree = "<group>"; };
		FB2CBC5016BDD15F00A101CB /* MapKit.framework */ = {isa = PBXFileReference; lastKnownFileType = wrapper.framework; name = MapKit.framework; path = System/Library/Frameworks/MapKit.framework; sourceTree = SDKROOT; };
		FB2CBC5516BDD61800A101CB /* Authorities.h */ = {isa = PBXFileReference; fileEncoding = 4; lastKnownFileType = sourcecode.c.h; path = Authorities.h; sourceTree = "<group>"; };
		FB2CBC5616BDD61800A101CB /* Authorities.m */ = {isa = PBXFileReference; fileEncoding = 4; lastKnownFileType = sourcecode.c.objc; path = Authorities.m; sourceTree = "<group>"; };
		FB2CBC5716BDD61800A101CB /* MyManager.h */ = {isa = PBXFileReference; fileEncoding = 4; lastKnownFileType = sourcecode.c.h; path = MyManager.h; sourceTree = "<group>"; };
		FB2CBC5816BDD61800A101CB /* MyManager.m */ = {isa = PBXFileReference; fileEncoding = 4; lastKnownFileType = sourcecode.c.objc; path = MyManager.m; sourceTree = "<group>"; };
		FB2CBC5916BDD61800A101CB /* Pedigrees.h */ = {isa = PBXFileReference; fileEncoding = 4; lastKnownFileType = sourcecode.c.h; path = Pedigrees.h; sourceTree = "<group>"; };
		FB2CBC5A16BDD61800A101CB /* Pedigrees.m */ = {isa = PBXFileReference; fileEncoding = 4; lastKnownFileType = sourcecode.c.objc; path = Pedigrees.m; sourceTree = "<group>"; };
		FB2CBC5B16BDD61900A101CB /* Person.h */ = {isa = PBXFileReference; fileEncoding = 4; lastKnownFileType = sourcecode.c.h; path = Person.h; sourceTree = "<group>"; };
		FB2CBC5C16BDD61900A101CB /* Person.m */ = {isa = PBXFileReference; fileEncoding = 4; lastKnownFileType = sourcecode.c.objc; path = Person.m; sourceTree = "<group>"; };
		FB2CBC5D16BDD61900A101CB /* PersonID.h */ = {isa = PBXFileReference; fileEncoding = 4; lastKnownFileType = sourcecode.c.h; path = PersonID.h; sourceTree = "<group>"; };
		FB2CBC5E16BDD61900A101CB /* PersonID.m */ = {isa = PBXFileReference; fileEncoding = 4; lastKnownFileType = sourcecode.c.objc; path = PersonID.m; sourceTree = "<group>"; };
		FB2CBC5F16BDD61900A101CB /* SessionID.h */ = {isa = PBXFileReference; fileEncoding = 4; lastKnownFileType = sourcecode.c.h; path = SessionID.h; sourceTree = "<group>"; };
		FB2CBC6016BDD61900A101CB /* SessionID.m */ = {isa = PBXFileReference; fileEncoding = 4; lastKnownFileType = sourcecode.c.objc; path = SessionID.m; sourceTree = "<group>"; };
		FB91D4AD170C6DA600244EDA /* StoreKit.framework */ = {isa = PBXFileReference; lastKnownFileType = wrapper.framework; name = StoreKit.framework; path = System/Library/Frameworks/StoreKit.framework; sourceTree = SDKROOT; };
		FB91D4B4170C7A6300244EDA /* SystemConfiguration.framework */ = {isa = PBXFileReference; lastKnownFileType = wrapper.framework; name = SystemConfiguration.framework; path = System/Library/Frameworks/SystemConfiguration.framework; sourceTree = SDKROOT; };
/* End PBXFileReference section */

/* Begin PBXFrameworksBuildPhase section */
		FB2CBC2416BDCF5E00A101CB /* Frameworks */ = {
			isa = PBXFrameworksBuildPhase;
			buildActionMask = 2147483647;
			files = (
				FB91D4B5170C7A6300244EDA /* SystemConfiguration.framework in Frameworks */,
				FB91D4AE170C6DA600244EDA /* StoreKit.framework in Frameworks */,
				FB2CBC5116BDD15F00A101CB /* MapKit.framework in Frameworks */,
				FB2CBC2B16BDCF5E00A101CB /* UIKit.framework in Frameworks */,
				FB2CBC2D16BDCF5E00A101CB /* Foundation.framework in Frameworks */,
				FB2CBC2F16BDCF5E00A101CB /* CoreGraphics.framework in Frameworks */,
			);
			runOnlyForDeploymentPostprocessing = 0;
		};
/* End PBXFrameworksBuildPhase section */

/* Begin PBXGroup section */
		FB2CBC1E16BDCF5E00A101CB = {
			isa = PBXGroup;
			children = (
				FB2CBC3016BDCF5E00A101CB /* FamilyMap */,
				FB2CBC2916BDCF5E00A101CB /* Frameworks */,
				FB2CBC2816BDCF5E00A101CB /* Products */,
			);
			sourceTree = "<group>";
		};
		FB2CBC2816BDCF5E00A101CB /* Products */ = {
			isa = PBXGroup;
			children = (
				FB2CBC2716BDCF5E00A101CB /* FamilyMap.app */,
			);
			name = Products;
			sourceTree = "<group>";
		};
		FB2CBC2916BDCF5E00A101CB /* Frameworks */ = {
			isa = PBXGroup;
			children = (
				FB91D4B4170C7A6300244EDA /* SystemConfiguration.framework */,
				FB91D4AD170C6DA600244EDA /* StoreKit.framework */,
				FB2CBC5016BDD15F00A101CB /* MapKit.framework */,
				FB2CBC2A16BDCF5E00A101CB /* UIKit.framework */,
				FB2CBC2C16BDCF5E00A101CB /* Foundation.framework */,
				FB2CBC2E16BDCF5E00A101CB /* CoreGraphics.framework */,
			);
			name = Frameworks;
			sourceTree = "<group>";
		};
		FB2CBC3016BDCF5E00A101CB /* FamilyMap */ = {
			isa = PBXGroup;
			children = (
				FB67D0D616F6641C00E2315E /* Images */,
				FB2CBC4216BDCF5E00A101CB /* MainStoryboard_iPhone.storyboard */,
				FB2CBC4516BDCF5E00A101CB /* MainStoryboard_iPad.storyboard */,
				FB2CBC4816BDCF5E00A101CB /* ViewController.h */,
				FB2CBC4916BDCF5E00A101CB /* ViewController.m */,
				FB2CBC3916BDCF5E00A101CB /* AppDelegate.h */,
				FB2CBC3A16BDCF5E00A101CB /* AppDelegate.m */,
				FB2CBC5716BDD61800A101CB /* MyManager.h */,
				FB2CBC5816BDD61800A101CB /* MyManager.m */,
				FB2CBC5F16BDD61900A101CB /* SessionID.h */,
				FB2CBC6016BDD61900A101CB /* SessionID.m */,
				FB2CBC5D16BDD61900A101CB /* PersonID.h */,
				FB2CBC5E16BDD61900A101CB /* PersonID.m */,
				FB2CBC5916BDD61800A101CB /* Pedigrees.h */,
				FB2CBC5A16BDD61800A101CB /* Pedigrees.m */,
				FB2CBC5B16BDD61900A101CB /* Person.h */,
				FB2CBC5C16BDD61900A101CB /* Person.m */,
				FB2CBC5516BDD61800A101CB /* Authorities.h */,
				FB2CBC5616BDD61800A101CB /* Authorities.m */,
				FB2CBC3116BDCF5E00A101CB /* Supporting Files */,
			);
			path = FamilyMap;
			sourceTree = "<group>";
		};
		FB2CBC3116BDCF5E00A101CB /* Supporting Files */ = {
			isa = PBXGroup;
			children = (
				FB2CBC3216BDCF5E00A101CB /* FamilyMap-Info.plist */,
				FB2CBC3316BDCF5E00A101CB /* InfoPlist.strings */,
				FB2CBC3616BDCF5E00A101CB /* main.m */,
				FB2CBC3816BDCF5E00A101CB /* FamilyMap-Prefix.pch */,
			);
			name = "Supporting Files";
			sourceTree = "<group>";
		};
		FB67D0D616F6641C00E2315E /* Images */ = {
			isa = PBXGroup;
			children = (
				FB12511C17DB3F6600E2404B /* FamilyMap1024-2.png */,
				FB12511D17DB3F6600E2404B /* FamilyMap.png */,
				FB12511E17DB3F6600E2404B /* FamilyMap1024.png */,
				FB12511F17DB3F6600E2404B /* FamilyMapScreen.png */,
				FB12512017DB3F6600E2404B /* Default-568h@2x.png */,
				FB12512117DB3F6600E2404B /* Default-Landscape@2x~ipad.png */,
				FB12512217DB3F6600E2404B /* Default-Landscape~ipad.png */,
				FB12512317DB3F6600E2404B /* Default.png */,
				FB12512417DB3F6600E2404B /* Default@2x.png */,
				FB12512517DB3F6600E2404B /* iTunesArtwork@2x.png */,
				FB12512617DB3F6600E2404B /* iTunesArtwork.png */,
				FB12512717DB3F6600E2404B /* Icon-Small.png */,
				FB12512817DB3F6600E2404B /* Icon-Small@2x.png */,
				FB12512917DB3F6600E2404B /* Icon-Small-50.png */,
				FB12512A17DB3F6600E2404B /* Icon-Small-50@2x.png */,
				FB12512B17DB3F6600E2404B /* Icon.png */,
				FB12512C17DB3F6600E2404B /* Icon@2x.png */,
				FB12512D17DB3F6600E2404B /* Icon-72.png */,
				FB12512E17DB3F6600E2404B /* Icon-72@2x.png */,
			);
			name = Images;
			path = ..;
			sourceTree = "<group>";
		};
/* End PBXGroup section */

/* Begin PBXNativeTarget section */
		FB2CBC2616BDCF5E00A101CB /* FamilyMap */ = {
			isa = PBXNativeTarget;
			buildConfigurationList = FB2CBC4D16BDCF5E00A101CB /* Build configuration list for PBXNativeTarget "FamilyMap" */;
			buildPhases = (
				FB2CBC2316BDCF5E00A101CB /* Sources */,
				FB2CBC2416BDCF5E00A101CB /* Frameworks */,
				FB2CBC2516BDCF5E00A101CB /* Resources */,
			);
			buildRules = (
			);
			dependencies = (
			);
			name = FamilyMap;
			productName = FamilyMap;
			productReference = FB2CBC2716BDCF5E00A101CB /* FamilyMap.app */;
			productType = "com.apple.product-type.application";
		};
/* End PBXNativeTarget section */

/* Begin PBXProject section */
		FB2CBC1F16BDCF5E00A101CB /* Project object */ = {
			isa = PBXProject;
			attributes = {
				LastUpgradeCheck = 0460;
				ORGANIZATIONNAME = scoutic;
			};
			buildConfigurationList = FB2CBC2216BDCF5E00A101CB /* Build configuration list for PBXProject "FamilyMap" */;
			compatibilityVersion = "Xcode 3.2";
			developmentRegion = English;
			hasScannedForEncodings = 0;
			knownRegions = (
				en,
			);
			mainGroup = FB2CBC1E16BDCF5E00A101CB;
			productRefGroup = FB2CBC2816BDCF5E00A101CB /* Products */;
			projectDirPath = "";
			projectRoot = "";
			targets = (
				FB2CBC2616BDCF5E00A101CB /* FamilyMap */,
			);
		};
/* End PBXProject section */

/* Begin PBXResourcesBuildPhase section */
		FB2CBC2516BDCF5E00A101CB /* Resources */ = {
			isa = PBXResourcesBuildPhase;
			buildActionMask = 2147483647;
			files = (
				FB2CBC3516BDCF5E00A101CB /* InfoPlist.strings in Resources */,
				FB2CBC4416BDCF5E00A101CB /* MainStoryboard_iPhone.storyboard in Resources */,
				FB2CBC4716BDCF5E00A101CB /* MainStoryboard_iPad.storyboard in Resources */,
				FB12512F17DB3F6600E2404B /* FamilyMap1024-2.png in Resources */,
				FB12513017DB3F6600E2404B /* FamilyMap.png in Resources */,
				FB12513117DB3F6600E2404B /* FamilyMap1024.png in Resources */,
				FB12513217DB3F6600E2404B /* FamilyMapScreen.png in Resources */,
				FB12513317DB3F6600E2404B /* Default-568h@2x.png in Resources */,
				FB12513417DB3F6600E2404B /* Default-Landscape@2x~ipad.png in Resources */,
				FB12513517DB3F6600E2404B /* Default-Landscape~ipad.png in Resources */,
				FB12513617DB3F6600E2404B /* Default.png in Resources */,
				FB12513717DB3F6600E2404B /* Default@2x.png in Resources */,
				FB12513817DB3F6600E2404B /* iTunesArtwork@2x.png in Resources */,
				FB12513917DB3F6600E2404B /* iTunesArtwork.png in Resources */,
				FB12513A17DB3F6600E2404B /* Icon-Small.png in Resources */,
				FB12513B17DB3F6600E2404B /* Icon-Small@2x.png in Resources */,
				FB12513C17DB3F6600E2404B /* Icon-Small-50.png in Resources */,
				FB12513D17DB3F6600E2404B /* Icon-Small-50@2x.png in Resources */,
				FB12513E17DB3F6600E2404B /* Icon.png in Resources */,
				FB12513F17DB3F6600E2404B /* Icon@2x.png in Resources */,
				FB12514017DB3F6600E2404B /* Icon-72.png in Resources */,
				FB12514117DB3F6600E2404B /* Icon-72@2x.png in Resources */,
			);
			runOnlyForDeploymentPostprocessing = 0;
		};
/* End PBXResourcesBuildPhase section */

/* Begin PBXSourcesBuildPhase section */
		FB2CBC2316BDCF5E00A101CB /* Sources */ = {
			isa = PBXSourcesBuildPhase;
			buildActionMask = 2147483647;
			files = (
				FB2CBC3716BDCF5E00A101CB /* main.m in Sources */,
				FB2CBC3B16BDCF5E00A101CB /* AppDelegate.m in Sources */,
				FB2CBC4A16BDCF5E00A101CB /* ViewController.m in Sources */,
				FB2CBC6116BDD61A00A101CB /* Authorities.m in Sources */,
				FB2CBC6216BDD61A00A101CB /* MyManager.m in Sources */,
				FB2CBC6316BDD61A00A101CB /* Pedigrees.m in Sources */,
				FB2CBC6416BDD61A00A101CB /* Person.m in Sources */,
				FB2CBC6516BDD61A00A101CB /* PersonID.m in Sources */,
				FB2CBC6616BDD61A00A101CB /* SessionID.m in Sources */,
			);
			runOnlyForDeploymentPostprocessing = 0;
		};
/* End PBXSourcesBuildPhase section */

/* Begin PBXVariantGroup section */
		FB2CBC3316BDCF5E00A101CB /* InfoPlist.strings */ = {
			isa = PBXVariantGroup;
			children = (
				FB2CBC3416BDCF5E00A101CB /* en */,
			);
			name = InfoPlist.strings;
			sourceTree = "<group>";
		};
		FB2CBC4216BDCF5E00A101CB /* MainStoryboard_iPhone.storyboard */ = {
			isa = PBXVariantGroup;
			children = (
				FB2CBC4316BDCF5E00A101CB /* en */,
			);
			name = MainStoryboard_iPhone.storyboard;
			sourceTree = "<group>";
		};
		FB2CBC4516BDCF5E00A101CB /* MainStoryboard_iPad.storyboard */ = {
			isa = PBXVariantGroup;
			children = (
				FB2CBC4616BDCF5E00A101CB /* en */,
			);
			name = MainStoryboard_iPad.storyboard;
			sourceTree = "<group>";
		};
/* End PBXVariantGroup section */

/* Begin XCBuildConfiguration section */
		FB2CBC4B16BDCF5E00A101CB /* Debug */ = {
			isa = XCBuildConfiguration;
			buildSettings = {
				ALWAYS_SEARCH_USER_PATHS = NO;
				CLANG_CXX_LANGUAGE_STANDARD = "gnu++0x";
				CLANG_CXX_LIBRARY = "libc++";
				CLANG_ENABLE_OBJC_ARC = YES;
				CLANG_WARN_CONSTANT_CONVERSION = YES;
				CLANG_WARN_EMPTY_BODY = YES;
				CLANG_WARN_ENUM_CONVERSION = YES;
				CLANG_WARN_INT_CONVERSION = YES;
				CLANG_WARN__DUPLICATE_METHOD_MATCH = YES;
				CODE_SIGN_IDENTITY = "iPhone Developer: Layne Moessing (XR733CL7PR)";
				"CODE_SIGN_IDENTITY[sdk=iphoneos*]" = "iPhone Developer";
				COPY_PHASE_STRIP = NO;
				GCC_C_LANGUAGE_STANDARD = gnu99;
				GCC_DYNAMIC_NO_PIC = NO;
				GCC_OPTIMIZATION_LEVEL = 0;
				GCC_PREPROCESSOR_DEFINITIONS = (
					"DEBUG=1",
					"$(inherited)",
				);
				GCC_SYMBOLS_PRIVATE_EXTERN = NO;
				GCC_WARN_ABOUT_RETURN_TYPE = YES;
				GCC_WARN_UNINITIALIZED_AUTOS = YES;
				GCC_WARN_UNUSED_VARIABLE = YES;
				IPHONEOS_DEPLOYMENT_TARGET = 6.0;
				ONLY_ACTIVE_ARCH = YES;
				PROVISIONING_PROFILE = "9DE529A3-9E86-44E9-B820-3D33CEC7B340";
				"PROVISIONING_PROFILE[sdk=iphoneos*]" = "9DE529A3-9E86-44E9-B820-3D33CEC7B340";
				SDKROOT = iphoneos;
				TARGETED_DEVICE_FAMILY = "1,2";
			};
			name = Debug;
		};
		FB2CBC4C16BDCF5E00A101CB /* Release */ = {
			isa = XCBuildConfiguration;
			buildSettings = {
				ALWAYS_SEARCH_USER_PATHS = NO;
				CLANG_CXX_LANGUAGE_STANDARD = "gnu++0x";
				CLANG_CXX_LIBRARY = "libc++";
				CLANG_ENABLE_OBJC_ARC = YES;
				CLANG_WARN_CONSTANT_CONVERSION = YES;
				CLANG_WARN_EMPTY_BODY = YES;
				CLANG_WARN_ENUM_CONVERSION = YES;
				CLANG_WARN_INT_CONVERSION = YES;
				CLANG_WARN__DUPLICATE_METHOD_MATCH = YES;
				CODE_SIGN_IDENTITY = "iPhone Distribution: Layne Moessing";
				"CODE_SIGN_IDENTITY[sdk=iphoneos*]" = "iPhone Distribution: Layne Moessing";
				COPY_PHASE_STRIP = YES;
				GCC_C_LANGUAGE_STANDARD = gnu99;
				GCC_WARN_ABOUT_RETURN_TYPE = YES;
				GCC_WARN_UNINITIALIZED_AUTOS = YES;
				GCC_WARN_UNUSED_VARIABLE = YES;
				IPHONEOS_DEPLOYMENT_TARGET = 6.0;
				OTHER_CFLAGS = "-DNS_BLOCK_ASSERTIONS=1";
				PROVISIONING_PROFILE = "4AE65BBD-D12D-4ABE-8A56-9DFC8F55C581";
				"PROVISIONING_PROFILE[sdk=iphoneos*]" = "4AE65BBD-D12D-4ABE-8A56-9DFC8F55C581";
				SDKROOT = iphoneos;
				TARGETED_DEVICE_FAMILY = "1,2";
				VALIDATE_PRODUCT = YES;
			};
			name = Release;
		};
		FB2CBC4E16BDCF5E00A101CB /* Debug */ = {
			isa = XCBuildConfiguration;
			buildSettings = {
				CODE_SIGN_IDENTITY = "iPhone Developer";
				"CODE_SIGN_IDENTITY[sdk=iphoneos*]" = "iPhone Developer";
				GCC_PRECOMPILE_PREFIX_HEADER = YES;
				GCC_PREFIX_HEADER = "FamilyMap/FamilyMap-Prefix.pch";
				INFOPLIST_FILE = "FamilyMap/FamilyMap-Info.plist";
				IPHONEOS_DEPLOYMENT_TARGET = 6.0;
				LIBRARY_SEARCH_PATHS = "";
				PRODUCT_NAME = "$(TARGET_NAME)";
				PROVISIONING_PROFILE = "";
				"PROVISIONING_PROFILE[sdk=iphoneos*]" = "";
				WRAPPER_EXTENSION = app;
			};
			name = Debug;
		};
		FB2CBC4F16BDCF5E00A101CB /* Release */ = {
			isa = XCBuildConfiguration;
			buildSettings = {
				CODE_SIGN_IDENTITY = "iPhone Distribution";
				"CODE_SIGN_IDENTITY[sdk=iphoneos*]" = "iPhone Distribution";
				GCC_PRECOMPILE_PREFIX_HEADER = YES;
				GCC_PREFIX_HEADER = "FamilyMap/FamilyMap-Prefix.pch";
				INFOPLIST_FILE = "FamilyMap/FamilyMap-Info.plist";
				IPHONEOS_DEPLOYMENT_TARGET = 6.0;
				LIBRARY_SEARCH_PATHS = "";
				PRODUCT_NAME = "$(TARGET_NAME)";
				PROVISIONING_PROFILE = "";
				"PROVISIONING_PROFILE[sdk=iphoneos*]" = "";
				WRAPPER_EXTENSION = app;
			};
			name = Release;
		};
/* End XCBuildConfiguration section */

/* Begin XCConfigurationList section */
		FB2CBC2216BDCF5E00A101CB /* Build configuration list for PBXProject "FamilyMap" */ = {
			isa = XCConfigurationList;
			buildConfigurations = (
				FB2CBC4B16BDCF5E00A101CB /* Debug */,
				FB2CBC4C16BDCF5E00A101CB /* Release */,
			);
			defaultConfigurationIsVisible = 0;
			defaultConfigurationName = Release;
		};
		FB2CBC4D16BDCF5E00A101CB /* Build configuration list for PBXNativeTarget "FamilyMap" */ = {
			isa = XCConfigurationList;
			buildConfigurations = (
				FB2CBC4E16BDCF5E00A101CB /* Debug */,
				FB2CBC4F16BDCF5E00A101CB /* Release */,
			);
			defaultConfigurationIsVisible = 0;
			defaultConfigurationName = Release;
		};
/* End XCConfigurationList section */
	};
	rootObject = FB2CBC1F16BDCF5E00A101CB /* Project object */;
}
